
Microsoft Visual Studio Solution File, Format Version 12.00
# Visual Studio Version 16
VisualStudioVersion = 16.0.32929.386
MinimumVisualStudioVersion = 10.0.40219.1
Project("{FAE04EC0-301F-11D3-BF4B-00C04F79EFBC}") = "GoL", "GOL\GoL.Master", "{B9211824-C4D8-447E-BCA5-541376D41E26}"
EndProject
Project("{2150E333-8FDC-42A3-9474-1A3956D46DE8}") = "Solution Items", "Solution Items", "{40FCC4DA-39EF-4CA7-9E5F-FEB207D092E7}"
EndProject
Global
	GlobalSection(SolutionConfigurationPlatforms) = preSolution
		Debug|Any CPU = Debug|Any CPU
		Release|Any CPU = Release|Any CPU
	EndGlobalSection
	GlobalSection(ProjectConfigurationPlatforms) = postSolution
		{B9211824-C4D8-447E-BCA5-541376D41E26}.Debug|Any CPU.ActiveCfg = Debug|Any CPU
		{B9211824-C4D8-447E-BCA5-541376D41E26}.Debug|Any CPU.Build.0 = Debug|Any CPU
		{B9211824-C4D8-447E-BCA5-541376D41E26}.Release|Any CPU.ActiveCfg = Release|Any CPU
		{B9211824-C4D8-447E-BCA5-541376D41E26}.Release|Any CPU.Build.0 = Release|Any CPU
	EndGlobalSection
	GlobalSection(SolutionProperties) = preSolution
		HideSolutionNode = FALSE
	EndGlobalSection
	GlobalSection(ExtensibilityGlobals) = postSolution
		SolutionGuid = {EE14EB17-B26C-4D98-9537-2CA4BE6E1834}
	EndGlobalSection
EndGlobal
